{
  "name": "mozz-device-detect",
  "version": "1.0.0",
  "lockfileVersion": 1,
  "requires": true,
  "dependencies": {
    "mozz-calc-winsize": {
      "version": "1.0.1",
      "resolved": "https://registry.npmjs.org/mozz-calc-winsize/-/mozz-calc-winsize-1.0.1.tgz",
      "integrity": "sha512-s3dMpVGwI7BMOjAnCqaCp+B4fxVHmullDVgtYBQIex7M9i89WEx34SfS0jeBm0nq5pZLu0vV6h/HL4/J9bk2Nw=="
    }
  }
}
